// !$*UTF8*$!
{
	archiveVersion = 1;
	classes = {
	};
	objectVersion = 46;
	objects = {

/* Begin PBXBuildFile section */
		DA7FCDD81BFEA30300D3A1D4 /* main.m in Sources */ = {isa = PBXBuildFile; fileRef = DA7FCDD71BFEA30300D3A1D4 /* main.m */; };
		DA7FCDDB1BFEA30300D3A1D4 /* AppDelegate.m in Sources */ = {isa = PBXBuildFile; fileRef = DA7FCDDA1BFEA30300D3A1D4 /* AppDelegate.m */; };
		DA7FCDE31BFEA30300D3A1D4 /* Images.xcassets in Resources */ = {isa = PBXBuildFile; fileRef = DA7FCDE21BFEA30300D3A1D4 /* Images.xcassets */; };
		DA7FCDE61BFEA30300D3A1D4 /* LaunchScreen.xib in Resources */ = {isa = PBXBuildFile; fileRef = DA7FCDE41BFEA30300D3A1D4 /* LaunchScreen.xib */; };
		DA7FCDF21BFEA30300D3A1D4 /* BlocstagramTests.m in Sources */ = {isa = PBXBuildFile; fileRef = DA7FCDF11BFEA30300D3A1D4 /* BlocstagramTests.m */; };
		DA7FCE061BFEA4BA00D3A1D4 /* 5.jpg in Resources */ = {isa = PBXBuildFile; fileRef = DA7FCDFC1BFEA4BA00D3A1D4 /* 5.jpg */; };
		DA7FCE071BFEA4BA00D3A1D4 /* 4.jpg in Resources */ = {isa = PBXBuildFile; fileRef = DA7FCDFD1BFEA4BA00D3A1D4 /* 4.jpg */; };
		DA7FCE081BFEA4BA00D3A1D4 /* 10.jpg in Resources */ = {isa = PBXBuildFile; fileRef = DA7FCDFE1BFEA4BA00D3A1D4 /* 10.jpg */; };
		DA7FCE091BFEA4BA00D3A1D4 /* 9.jpg in Resources */ = {isa = PBXBuildFile; fileRef = DA7FCDFF1BFEA4BA00D3A1D4 /* 9.jpg */; };
		DA7FCE0A1BFEA4BA00D3A1D4 /* 3.jpg in Resources */ = {isa = PBXBuildFile; fileRef = DA7FCE001BFEA4BA00D3A1D4 /* 3.jpg */; };
		DA7FCE0B1BFEA4BA00D3A1D4 /* 8.jpg in Resources */ = {isa = PBXBuildFile; fileRef = DA7FCE011BFEA4BA00D3A1D4 /* 8.jpg */; };
		DA7FCE0D1BFEA4BA00D3A1D4 /* 7.jpg in Resources */ = {isa = PBXBuildFile; fileRef = DA7FCE031BFEA4BA00D3A1D4 /* 7.jpg */; };
		DA7FCE0E1BFEA4BA00D3A1D4 /* 1.jpg in Resources */ = {isa = PBXBuildFile; fileRef = DA7FCE041BFEA4BA00D3A1D4 /* 1.jpg */; };
		DA7FCE0F1BFEA4BA00D3A1D4 /* 6.jpg in Resources */ = {isa = PBXBuildFile; fileRef = DA7FCE051BFEA4BA00D3A1D4 /* 6.jpg */; };
		DA7FCE111BFEAFB300D3A1D4 /* 2a.jpg in Resources */ = {isa = PBXBuildFile; fileRef = DA7FCE101BFEAFB300D3A1D4 /* 2a.jpg */; };
		DA7FCE141BFEAFC200D3A1D4 /* ImagesTableViewController.m in Sources */ = {isa = PBXBuildFile; fileRef = DA7FCE131BFEAFC200D3A1D4 /* ImagesTableViewController.m */; };
/* End PBXBuildFile section */

/* Begin PBXContainerItemProxy section */
		DA7FCDEC1BFEA30300D3A1D4 /* PBXContainerItemProxy */ = {
			isa = PBXContainerItemProxy;
			containerPortal = DA7FCDCA1BFEA30300D3A1D4 /* Project object */;
			proxyType = 1;
			remoteGlobalIDString = DA7FCDD11BFEA30300D3A1D4;
			remoteInfo = Blocstagram;
		};
/* End PBXContainerItemProxy section */

/* Begin PBXFileReference section */
		DA7FCDD21BFEA30300D3A1D4 /* Blocstagram.app */ = {isa = PBXFileReference; explicitFileType = wrapper.application; includeInIndex = 0; path = Blocstagram.app; sourceTree = BUILT_PRODUCTS_DIR; };
		DA7FCDD61BFEA30300D3A1D4 /* Info.plist */ = {isa = PBXFileReference; lastKnownFileType = text.plist.xml; path = Info.plist; sourceTree = "<group>"; };
		DA7FCDD71BFEA30300D3A1D4 /* main.m */ = {isa = PBXFileReference; lastKnownFileType = sourcecode.c.objc; path = main.m; sourceTree = "<group>"; };
		DA7FCDD91BFEA30300D3A1D4 /* AppDelegate.h */ = {isa = PBXFileReference; lastKnownFileType = sourcecode.c.h; path = AppDelegate.h; sourceTree = "<group>"; };
		DA7FCDDA1BFEA30300D3A1D4 /* AppDelegate.m */ = {isa = PBXFileReference; lastKnownFileType = sourcecode.c.objc; path = AppDelegate.m; sourceTree = "<group>"; };
		DA7FCDE21BFEA30300D3A1D4 /* Images.xcassets */ = {isa = PBXFileReference; lastKnownFileType = folder.assetcatalog; path = Images.xcassets; sourceTree = "<group>"; };
		DA7FCDE51BFEA30300D3A1D4 /* Base */ = {isa = PBXFileReference; lastKnownFileType = file.xib; name = Base; path = Base.lproj/LaunchScreen.xib; sourceTree = "<group>"; };
		DA7FCDEB1BFEA30300D3A1D4 /* BlocstagramTests.xctest */ = {isa = PBXFileReference; explicitFileType = wrapper.cfbundle; includeInIndex = 0; path = BlocstagramTests.xctest; sourceTree = BUILT_PRODUCTS_DIR; };
		DA7FCDF01BFEA30300D3A1D4 /* Info.plist */ = {isa = PBXFileReference; lastKnownFileType = text.plist.xml; path = Info.plist; sourceTree = "<group>"; };
		DA7FCDF11BFEA30300D3A1D4 /* BlocstagramTests.m */ = {isa = PBXFileReference; lastKnownFileType = sourcecode.c.objc; path = BlocstagramTests.m; sourceTree = "<group>"; };
		DA7FCDFC1BFEA4BA00D3A1D4 /* 5.jpg */ = {isa = PBXFileReference; lastKnownFileType = image.jpeg; path = 5.jpg; sourceTree = "<group>"; };
		DA7FCDFD1BFEA4BA00D3A1D4 /* 4.jpg */ = {isa = PBXFileReference; lastKnownFileType = image.jpeg; path = 4.jpg; sourceTree = "<group>"; };
		DA7FCDFE1BFEA4BA00D3A1D4 /* 10.jpg */ = {isa = PBXFileReference; lastKnownFileType = image.jpeg; path = 10.jpg; sourceTree = "<group>"; };
		DA7FCDFF1BFEA4BA00D3A1D4 /* 9.jpg */ = {isa = PBXFileReference; lastKnownFileType = image.jpeg; path = 9.jpg; sourceTree = "<group>"; };
		DA7FCE001BFEA4BA00D3A1D4 /* 3.jpg */ = {isa = PBXFileReference; lastKnownFileType = image.jpeg; path = 3.jpg; sourceTree = "<group>"; };
		DA7FCE011BFEA4BA00D3A1D4 /* 8.jpg */ = {isa = PBXFileReference; lastKnownFileType = image.jpeg; path = 8.jpg; sourceTree = "<group>"; };
		DA7FCE031BFEA4BA00D3A1D4 /* 7.jpg */ = {isa = PBXFileReference; lastKnownFileType = image.jpeg; path = 7.jpg; sourceTree = "<group>"; };
		DA7FCE041BFEA4BA00D3A1D4 /* 1.jpg */ = {isa = PBXFileReference; lastKnownFileType = image.jpeg; path = 1.jpg; sourceTree = "<group>"; };
		DA7FCE051BFEA4BA00D3A1D4 /* 6.jpg */ = {isa = PBXFileReference; lastKnownFileType = image.jpeg; path = 6.jpg; sourceTree = "<group>"; };
		DA7FCE101BFEAFB300D3A1D4 /* 2a.jpg */ = {isa = PBXFileReference; lastKnownFileType = image.jpeg; path = 2a.jpg; sourceTree = "<group>"; };
		DA7FCE121BFEAFC200D3A1D4 /* ImagesTableViewController.h */ = {isa = PBXFileReference; fileEncoding = 4; lastKnownFileType = sourcecode.c.h; name = ImagesTableViewController.h; path = Blocstagram/ImagesTableViewController.h; sourceTree = "<group>"; };
		DA7FCE131BFEAFC200D3A1D4 /* ImagesTableViewController.m */ = {isa = PBXFileReference; fileEncoding = 4; lastKnownFileType = sourcecode.c.objc; name = ImagesTableViewController.m; path = Blocstagram/ImagesTableViewController.m; sourceTree = "<group>"; };
/* End PBXFileReference section */

/* Begin PBXFrameworksBuildPhase section */
		DA7FCDCF1BFEA30300D3A1D4 /* Frameworks */ = {
			isa = PBXFrameworksBuildPhase;
			buildActionMask = 2147483647;
			files = (
			);
			runOnlyForDeploymentPostprocessing = 0;
		};
		DA7FCDE81BFEA30300D3A1D4 /* Frameworks */ = {
			isa = PBXFrameworksBuildPhase;
			buildActionMask = 2147483647;
			files = (
			);
			runOnlyForDeploymentPostprocessing = 0;
		};
/* End PBXFrameworksBuildPhase section */

/* Begin PBXGroup section */
		DA7FCDC91BFEA30300D3A1D4 = {
			isa = PBXGroup;
			children = (
				DA7FCE121BFEAFC200D3A1D4 /* ImagesTableViewController.h */,
				DA7FCE131BFEAFC200D3A1D4 /* ImagesTableViewController.m */,
				DA7FCDD41BFEA30300D3A1D4 /* Blocstagram */,
				DA7FCDEE1BFEA30300D3A1D4 /* BlocstagramTests */,
				DA7FCDD31BFEA30300D3A1D4 /* Products */,
			);
			sourceTree = "<group>";
		};
		DA7FCDD31BFEA30300D3A1D4 /* Products */ = {
			isa = PBXGroup;
			children = (
				DA7FCDD21BFEA30300D3A1D4 /* Blocstagram.app */,
				DA7FCDEB1BFEA30300D3A1D4 /* BlocstagramTests.xctest */,
			);
			name = Products;
			sourceTree = "<group>";
		};
		DA7FCDD41BFEA30300D3A1D4 /* Blocstagram */ = {
			isa = PBXGroup;
			children = (
				DA7FCDFB1BFEA49400D3A1D4 /* Images */,
				DA7FCDD91BFEA30300D3A1D4 /* AppDelegate.h */,
				DA7FCDDA1BFEA30300D3A1D4 /* AppDelegate.m */,
				DA7FCDE21BFEA30300D3A1D4 /* Images.xcassets */,
				DA7FCDE41BFEA30300D3A1D4 /* LaunchScreen.xib */,
				DA7FCDD51BFEA30300D3A1D4 /* Supporting Files */,
			);
			path = Blocstagram;
			sourceTree = "<group>";
		};
		DA7FCDD51BFEA30300D3A1D4 /* Supporting Files */ = {
			isa = PBXGroup;
			children = (
				DA7FCDD61BFEA30300D3A1D4 /* Info.plist */,
				DA7FCDD71BFEA30300D3A1D4 /* main.m */,
			);
			name = "Supporting Files";
			sourceTree = "<group>";
		};
		DA7FCDEE1BFEA30300D3A1D4 /* BlocstagramTests */ = {
			isa = PBXGroup;
			children = (
				DA7FCDF11BFEA30300D3A1D4 /* BlocstagramTests.m */,
				DA7FCDEF1BFEA30300D3A1D4 /* Supporting Files */,
			);
			path = BlocstagramTests;
			sourceTree = "<group>";
		};
		DA7FCDEF1BFEA30300D3A1D4 /* Supporting Files */ = {
			isa = PBXGroup;
			children = (
				DA7FCDF01BFEA30300D3A1D4 /* Info.plist */,
			);
			name = "Supporting Files";
			sourceTree = "<group>";
		};
		DA7FCDFB1BFEA49400D3A1D4 /* Images */ = {
			isa = PBXGroup;
			children = (
				DA7FCDFC1BFEA4BA00D3A1D4 /* 5.jpg */,
				DA7FCDFD1BFEA4BA00D3A1D4 /* 4.jpg */,
				DA7FCDFE1BFEA4BA00D3A1D4 /* 10.jpg */,
				DA7FCE101BFEAFB300D3A1D4 /* 2a.jpg */,
				DA7FCDFF1BFEA4BA00D3A1D4 /* 9.jpg */,
				DA7FCE001BFEA4BA00D3A1D4 /* 3.jpg */,
				DA7FCE011BFEA4BA00D3A1D4 /* 8.jpg */,
				DA7FCE031BFEA4BA00D3A1D4 /* 7.jpg */,
				DA7FCE041BFEA4BA00D3A1D4 /* 1.jpg */,
				DA7FCE051BFEA4BA00D3A1D4 /* 6.jpg */,
			);
			name = Images;
			sourceTree = "<group>";
		};
/* End PBXGroup section */

/* Begin PBXNativeTarget section */
		DA7FCDD11BFEA30300D3A1D4 /* Blocstagram */ = {
			isa = PBXNativeTarget;
			buildConfigurationList = DA7FCDF51BFEA30300D3A1D4 /* Build configuration list for PBXNativeTarget "Blocstagram" */;
			buildPhases = (
				DA7FCDCE1BFEA30300D3A1D4 /* Sources */,
				DA7FCDCF1BFEA30300D3A1D4 /* Frameworks */,
				DA7FCDD01BFEA30300D3A1D4 /* Resources */,
			);
			buildRules = (
			);
			dependencies = (
			);
			name = Blocstagram;
			productName = Blocstagram;
			productReference = DA7FCDD21BFEA30300D3A1D4 /* Blocstagram.app */;
			productType = "com.apple.product-type.application";
		};
		DA7FCDEA1BFEA30300D3A1D4 /* BlocstagramTests */ = {
			isa = PBXNativeTarget;
			buildConfigurationList = DA7FCDF81BFEA30300D3A1D4 /* Build configuration list for PBXNativeTarget "BlocstagramTests" */;
			buildPhases = (
				DA7FCDE71BFEA30300D3A1D4 /* Sources */,
				DA7FCDE81BFEA30300D3A1D4 /* Frameworks */,
				DA7FCDE91BFEA30300D3A1D4 /* Resources */,
			);
			buildRules = (
			);
			dependencies = (
				DA7FCDED1BFEA30300D3A1D4 /* PBXTargetDependency */,
			);
			name = BlocstagramTests;
			productName = BlocstagramTests;
			productReference = DA7FCDEB1BFEA30300D3A1D4 /* BlocstagramTests.xctest */;
			productType = "com.apple.product-type.bundle.unit-test";
		};
/* End PBXNativeTarget section */

/* Begin PBXProject section */
		DA7FCDCA1BFEA30300D3A1D4 /* Project object */ = {
			isa = PBXProject;
			attributes = {
				LastUpgradeCheck = 0640;
				ORGANIZATIONNAME = Bloc;
				TargetAttributes = {
					DA7FCDD11BFEA30300D3A1D4 = {
						CreatedOnToolsVersion = 6.4;
					};
					DA7FCDEA1BFEA30300D3A1D4 = {
						CreatedOnToolsVersion = 6.4;
						TestTargetID = DA7FCDD11BFEA30300D3A1D4;
					};
				};
			};
			buildConfigurationList = DA7FCDCD1BFEA30300D3A1D4 /* Build configuration list for PBXProject "Blocstagram" */;
			compatibilityVersion = "Xcode 3.2";
			developmentRegion = English;
			hasScannedForEncodings = 0;
			knownRegions = (
				en,
				Base,
			);
			mainGroup = DA7FCDC91BFEA30300D3A1D4;
			productRefGroup = DA7FCDD31BFEA30300D3A1D4 /* Products */;
			projectDirPath = "";
			projectRoot = "";
			targets = (
				DA7FCDD11BFEA30300D3A1D4 /* Blocstagram */,
				DA7FCDEA1BFEA30300D3A1D4 /* BlocstagramTests */,
			);
		};
/* End PBXProject section */

/* Begin PBXResourcesBuildPhase section */
		DA7FCDD01BFEA30300D3A1D4 /* Resources */ = {
			isa = PBXResourcesBuildPhase;
			buildActionMask = 2147483647;
			files = (
				DA7FCE0E1BFEA4BA00D3A1D4 /* 1.jpg in Resources */,
				DA7FCE081BFEA4BA00D3A1D4 /* 10.jpg in Resources */,
				DA7FCE071BFEA4BA00D3A1D4 /* 4.jpg in Resources */,
				DA7FCE061BFEA4BA00D3A1D4 /* 5.jpg in Resources */,
				DA7FCE111BFEAFB300D3A1D4 /* 2a.jpg in Resources */,
				DA7FCE091BFEA4BA00D3A1D4 /* 9.jpg in Resources */,
				DA7FCE0F1BFEA4BA00D3A1D4 /* 6.jpg in Resources */,
				DA7FCE0B1BFEA4BA00D3A1D4 /* 8.jpg in Resources */,
				DA7FCDE61BFEA30300D3A1D4 /* LaunchScreen.xib in Resources */,
				DA7FCE0D1BFEA4BA00D3A1D4 /* 7.jpg in Resources */,
				DA7FCE0A1BFEA4BA00D3A1D4 /* 3.jpg in Resources */,
				DA7FCDE31BFEA30300D3A1D4 /* Images.xcassets in Resources */,
			);
			runOnlyForDeploymentPostprocessing = 0;
		};
		DA7FCDE91BFEA30300D3A1D4 /* Resources */ = {
			isa = PBXResourcesBuildPhase;
			buildActionMask = 2147483647;
			files = (
			);
			runOnlyForDeploymentPostprocessing = 0;
		};
/* End PBXResourcesBuildPhase section */

/* Begin PBXSourcesBuildPhase section */
		DA7FCDCE1BFEA30300D3A1D4 /* Sources */ = {
			isa = PBXSourcesBuildPhase;
			buildActionMask = 2147483647;
			files = (
				DA7FCE141BFEAFC200D3A1D4 /* ImagesTableViewController.m in Sources */,
				DA7FCDDB1BFEA30300D3A1D4 /* AppDelegate.m in Sources */,
				DA7FCDD81BFEA30300D3A1D4 /* main.m in Sources */,
			);
			runOnlyForDeploymentPostprocessing = 0;
		};
		DA7FCDE71BFEA30300D3A1D4 /* Sources */ = {
			isa = PBXSourcesBuildPhase;
			buildActionMask = 2147483647;
			files = (
				DA7FCDF21BFEA30300D3A1D4 /* BlocstagramTests.m in Sources */,
			);
			runOnlyForDeploymentPostprocessing = 0;
		};
/* End PBXSourcesBuildPhase section */

/* Begin PBXTargetDependency section */
		DA7FCDED1BFEA30300D3A1D4 /* PBXTargetDependency */ = {
			isa = PBXTargetDependency;
			target = DA7FCDD11BFEA30300D3A1D4 /* Blocstagram */;
			targetProxy = DA7FCDEC1BFEA30300D3A1D4 /* PBXContainerItemProxy */;
		};
/* End PBXTargetDependency section */

/* Begin PBXVariantGroup section */
		DA7FCDE41BFEA30300D3A1D4 /* LaunchScreen.xib */ = {
			isa = PBXVariantGroup;
			children = (
				DA7FCDE51BFEA30300D3A1D4 /* Base */,
			);
			name = LaunchScreen.xib;
			sourceTree = "<group>";
		};
/* End PBXVariantGroup section */

/* Begin XCBuildConfiguration section */
		DA7FCDF31BFEA30300D3A1D4 /* Debug */ = {
			isa = XCBuildConfiguration;
			buildSettings = {
				ALWAYS_SEARCH_USER_PATHS = NO;
				CLANG_CXX_LANGUAGE_STANDARD = "gnu++0x";
				CLANG_CXX_LIBRARY = "libc++";
				CLANG_ENABLE_MODULES = YES;
				CLANG_ENABLE_OBJC_ARC = YES;
				CLANG_WARN_BOOL_CONVERSION = YES;
				CLANG_WARN_CONSTANT_CONVERSION = YES;
				CLANG_WARN_DIRECT_OBJC_ISA_USAGE = YES_ERROR;
				CLANG_WARN_EMPTY_BODY = YES;
				CLANG_WARN_ENUM_CONVERSION = YES;
				CLANG_WARN_INT_CONVERSION = YES;
				CLANG_WARN_OBJC_ROOT_CLASS = YES_ERROR;
				CLANG_WARN_UNREACHABLE_CODE = YES;
				CLANG_WARN__DUPLICATE_METHOD_MATCH = YES;
				"CODE_SIGN_IDENTITY[sdk=iphoneos*]" = "iPhone Developer";
				COPY_PHASE_STRIP = NO;
				DEBUG_INFORMATION_FORMAT = "dwarf-with-dsym";
				ENABLE_STRICT_OBJC_MSGSEND = YES;
				GCC_C_LANGUAGE_STANDARD = gnu99;
				GCC_DYNAMIC_NO_PIC = NO;
				GCC_NO_COMMON_BLOCKS = YES;
				GCC_OPTIMIZATION_LEVEL = 0;
				GCC_PREPROCESSOR_DEFINITIONS = (
					"DEBUG=1",
					"$(inherited)",
				);
				GCC_SYMBOLS_PRIVATE_EXTERN = NO;
				GCC_WARN_64_TO_32_BIT_CONVERSION = YES;
				GCC_WARN_ABOUT_RETURN_TYPE = YES_ERROR;
				GCC_WARN_UNDECLARED_SELECTOR = YES;
				GCC_WARN_UNINITIALIZED_AUTOS = YES_AGGRESSIVE;
				GCC_WARN_UNUSED_FUNCTION = YES;
				GCC_WARN_UNUSED_VARIABLE = YES;
				IPHONEOS_DEPLOYMENT_TARGET = 8.4;
				MTL_ENABLE_DEBUG_INFO = YES;
				ONLY_ACTIVE_ARCH = YES;
				SDKROOT = iphoneos;
				TARGETED_DEVICE_FAMILY = "1,2";
			};
			name = Debug;
		};
		DA7FCDF41BFEA30300D3A1D4 /* Release */ = {
			isa = XCBuildConfiguration;
			buildSettings = {
				ALWAYS_SEARCH_USER_PATHS = NO;
				CLANG_CXX_LANGUAGE_STANDARD = "gnu++0x";
				CLANG_CXX_LIBRARY = "libc++";
				CLANG_ENABLE_MODULES = YES;
				CLANG_ENABLE_OBJC_ARC = YES;
				CLANG_WARN_BOOL_CONVERSION = YES;
				CLANG_WARN_CONSTANT_CONVERSION = YES;
				CLANG_WARN_DIRECT_OBJC_ISA_USAGE = YES_ERROR;
				CLANG_WARN_EMPTY_BODY = YES;
				CLANG_WARN_ENUM_CONVERSION = YES;
				CLANG_WARN_INT_CONVERSION = YES;
				CLANG_WARN_OBJC_ROOT_CLASS = YES_ERROR;
				CLANG_WARN_UNREACHABLE_CODE = YES;
				CLANG_WARN__DUPLICATE_METHOD_MATCH = YES;
				"CODE_SIGN_IDENTITY[sdk=iphoneos*]" = "iPhone Developer";
				COPY_PHASE_STRIP = NO;
				DEBUG_INFORMATION_FORMAT = "dwarf-with-dsym";
				ENABLE_NS_ASSERTIONS = NO;
				ENABLE_STRICT_OBJC_MSGSEND = YES;
				GCC_C_LANGUAGE_STANDARD = gnu99;
				GCC_NO_COMMON_BLOCKS = YES;
				GCC_WARN_64_TO_32_BIT_CONVERSION = YES;
				GCC_WARN_ABOUT_RETURN_TYPE = YES_ERROR;
				GCC_WARN_UNDECLARED_SELECTOR = YES;
				GCC_WARN_UNINITIALIZED_AUTOS = YES_AGGRESSIVE;
				GCC_WARN_UNUSED_FUNCTION = YES;
				GCC_WARN_UNUSED_VARIABLE = YES;
				IPHONEOS_DEPLOYMENT_TARGET = 8.4;
				MTL_ENABLE_DEBUG_INFO = NO;
				SDKROOT = iphoneos;
				TARGETED_DEVICE_FAMILY = "1,2";
				VALIDATE_PRODUCT = YES;
			};
			name = Release;
		};
		DA7FCDF61BFEA30300D3A1D4 /* Debug */ = {
			isa = XCBuildConfiguration;
			buildSettings = {
				ASSETCATALOG_COMPILER_APPICON_NAME = AppIcon;
				INFOPLIST_FILE = Blocstagram/Info.plist;
				LD_RUNPATH_SEARCH_PATHS = "$(inherited) @executable_path/Frameworks";
				PRODUCT_NAME = "$(TARGET_NAME)";
			};
			name = Debug;
		};
		DA7FCDF71BFEA30300D3A1D4 /* Release */ = {
			isa = XCBuildConfiguration;
			buildSettings = {
				ASSETCATALOG_COMPILER_APPICON_NAME = AppIcon;
				INFOPLIST_FILE = Blocstagram/Info.plist;
				LD_RUNPATH_SEARCH_PATHS = "$(inherited) @executable_path/Frameworks";
				PRODUCT_NAME = "$(TARGET_NAME)";
			};
			name = Release;
		};
		DA7FCDF91BFEA30300D3A1D4 /* Debug */ = {
			isa = XCBuildConfiguration;
			buildSettings = {
				BUNDLE_LOADER = "$(TEST_HOST)";
				FRAMEWORK_SEARCH_PATHS = (
					"$(SDKROOT)/Developer/Library/Frameworks",
					"$(inherited)",
				);
				GCC_PREPROCESSOR_DEFINITIONS = (
					"DEBUG=1",
					"$(inherited)",
				);
				INFOPLIST_FILE = BlocstagramTests/Info.plist;
				LD_RUNPATH_SEARCH_PATHS = "$(inherited) @executable_path/Frameworks @loader_path/Frameworks";
				PRODUCT_NAME = "$(TARGET_NAME)";
				TEST_HOST = "$(BUILT_PRODUCTS_DIR)/Blocstagram.app/Blocstagram";
			};
			name = Debug;
		};
		DA7FCDFA1BFEA30300D3A1D4 /* Release */ = {
			isa = XCBuildConfiguration;
			buildSettings = {
				BUNDLE_LOADER = "$(TEST_HOST)";
				FRAMEWORK_SEARCH_PATHS = (
					"$(SDKROOT)/Developer/Library/Frameworks",
					"$(inherited)",
				);
				INFOPLIST_FILE = BlocstagramTests/Info.plist;
				LD_RUNPATH_SEARCH_PATHS = "$(inherited) @executable_path/Frameworks @loader_path/Frameworks";
				PRODUCT_NAME = "$(TARGET_NAME)";
				TEST_HOST = "$(BUILT_PRODUCTS_DIR)/Blocstagram.app/Blocstagram";
			};
			name = Release;
		};
/* End XCBuildConfiguration section */

/* Begin XCConfigurationList section */
		DA7FCDCD1BFEA30300D3A1D4 /* Build configuration list for PBXProject "Blocstagram" */ = {
			isa = XCConfigurationList;
			buildConfigurations = (
				DA7FCDF31BFEA30300D3A1D4 /* Debug */,
				DA7FCDF41BFEA30300D3A1D4 /* Release */,
			);
			defaultConfigurationIsVisible = 0;
			defaultConfigurationName = Release;
		};
		DA7FCDF51BFEA30300D3A1D4 /* Build configuration list for PBXNativeTarget "Blocstagram" */ = {
			isa = XCConfigurationList;
			buildConfigurations = (
				DA7FCDF61BFEA30300D3A1D4 /* Debug */,
				DA7FCDF71BFEA30300D3A1D4 /* Release */,
			);
			defaultConfigurationIsVisible = 0;
		};
		DA7FCDF81BFEA30300D3A1D4 /* Build configuration list for PBXNativeTarget "BlocstagramTests" */ = {
			isa = XCConfigurationList;
			buildConfigurations = (
				DA7FCDF91BFEA30300D3A1D4 /* Debug */,
				DA7FCDFA1BFEA30300D3A1D4 /* Release */,
			);
			defaultConfigurationIsVisible = 0;
		};
/* End XCConfigurationList section */
	};
	rootObject = DA7FCDCA1BFEA30300D3A1D4 /* Project object */;
}
